// !$*UTF8*$!
{
	archiveVersion = 1;
	classes = {
	};
	objectVersion = 56;
	objects = {

/* Begin PBXBuildFile section */
		752824BC29955E4B005A5B75 /* SwiftCleanCodeApp.swift in Sources */ = {isa = PBXBuildFile; fileRef = 752824BB29955E4B005A5B75 /* SwiftCleanCodeApp.swift */; };
		752824BE29955E4B005A5B75 /* ContentView.swift in Sources */ = {isa = PBXBuildFile; fileRef = 752824BD29955E4B005A5B75 /* ContentView.swift */; };
		752824C029955E4C005A5B75 /* Assets.xcassets in Resources */ = {isa = PBXBuildFile; fileRef = 752824BF29955E4C005A5B75 /* Assets.xcassets */; };
		752824C329955E4C005A5B75 /* Preview Assets.xcassets in Resources */ = {isa = PBXBuildFile; fileRef = 752824C229955E4C005A5B75 /* Preview Assets.xcassets */; };
		7532515029B61EF8007DEACD /* AuthTest.swift in Sources */ = {isa = PBXBuildFile; fileRef = 7532514F29B61EF8007DEACD /* AuthTest.swift */; };
		7532515229B62280007DEACD /* ProfileTests.swift in Sources */ = {isa = PBXBuildFile; fileRef = 7532515129B62280007DEACD /* ProfileTests.swift */; };
		7532515429B62920007DEACD /* Catalogue.swift in Sources */ = {isa = PBXBuildFile; fileRef = 7532515329B62920007DEACD /* Catalogue.swift */; };
		7532515629B629F1007DEACD /* CatalogueListResult.swift in Sources */ = {isa = PBXBuildFile; fileRef = 7532515529B629F1007DEACD /* CatalogueListResult.swift */; };
		7532515829B62A7B007DEACD /* Product.swift in Sources */ = {isa = PBXBuildFile; fileRef = 7532515729B62A7B007DEACD /* Product.swift */; };
		7532515A29B62BCF007DEACD /* CatalogueRequestFactory.swift in Sources */ = {isa = PBXBuildFile; fileRef = 7532515929B62BCF007DEACD /* CatalogueRequestFactory.swift */; };
		7532515C29B62E77007DEACD /* CatalogueTests.swift in Sources */ = {isa = PBXBuildFile; fileRef = 7532515B29B62E77007DEACD /* CatalogueTests.swift */; };
		7546E13C29B0D45600C389AE /* AbstractErrorParser.swift in Sources */ = {isa = PBXBuildFile; fileRef = 7546E13B29B0D45600C389AE /* AbstractErrorParser.swift */; };
		7546E13F29B0D48500C389AE /* ErrorParser.swift in Sources */ = {isa = PBXBuildFile; fileRef = 7546E13E29B0D48500C389AE /* ErrorParser.swift */; };
		7546E14129B0D4B800C389AE /* DataRequest.swift in Sources */ = {isa = PBXBuildFile; fileRef = 7546E14029B0D4B800C389AE /* DataRequest.swift */; };
		7546E14329B0D5B100C389AE /* AbstractRequestFactory.swift in Sources */ = {isa = PBXBuildFile; fileRef = 7546E14229B0D5B100C389AE /* AbstractRequestFactory.swift */; };
		7546E14529B0D5FA00C389AE /* RequestRouter.swift in Sources */ = {isa = PBXBuildFile; fileRef = 7546E14429B0D5FA00C389AE /* RequestRouter.swift */; };
		7546E14729B0D68500C389AE /* LoginResult.swift in Sources */ = {isa = PBXBuildFile; fileRef = 7546E14629B0D68500C389AE /* LoginResult.swift */; };
		7546E14929B0D6A000C389AE /* User.swift in Sources */ = {isa = PBXBuildFile; fileRef = 7546E14829B0D6A000C389AE /* User.swift */; };
		7546E14C29B0D73F00C389AE /* AuthRequestFactory.swift in Sources */ = {isa = PBXBuildFile; fileRef = 7546E14B29B0D73F00C389AE /* AuthRequestFactory.swift */; };
		7546E14E29B0D77700C389AE /* Auth.swift in Sources */ = {isa = PBXBuildFile; fileRef = 7546E14D29B0D77700C389AE /* Auth.swift */; };
		7546E15229B0D92F00C389AE /* RequestFactory.swift in Sources */ = {isa = PBXBuildFile; fileRef = 7546E15129B0D92F00C389AE /* RequestFactory.swift */; };
		7546E15429B0DF9D00C389AE /* Profile.swift in Sources */ = {isa = PBXBuildFile; fileRef = 7546E15329B0DF9D00C389AE /* Profile.swift */; };
		7546E15629B0E20B00C389AE /* ProfileRequestFactory.swift in Sources */ = {isa = PBXBuildFile; fileRef = 7546E15529B0E20B00C389AE /* ProfileRequestFactory.swift */; };
		7546E15829B0E6B800C389AE /* RegistrationResult.swift in Sources */ = {isa = PBXBuildFile; fileRef = 7546E15729B0E6B800C389AE /* RegistrationResult.swift */; };
		7546E15A29B0E77800C389AE /* LogoutResult.swift in Sources */ = {isa = PBXBuildFile; fileRef = 7546E15929B0E77800C389AE /* LogoutResult.swift */; };
		7546E15C29B0E97F00C389AE /* EditProfileResult.swift in Sources */ = {isa = PBXBuildFile; fileRef = 7546E15B29B0E97F00C389AE /* EditProfileResult.swift */; };
		7546E16629B60E2E00C389AE /* SwiftCleanCodeTests.swift in Sources */ = {isa = PBXBuildFile; fileRef = 7546E16529B60E2E00C389AE /* SwiftCleanCodeTests.swift */; };
		7546E16E29B60F3300C389AE /* ResponseCodableTests.swift in Sources */ = {isa = PBXBuildFile; fileRef = 7546E16D29B60F3300C389AE /* ResponseCodableTests.swift */; };
		75DBC4F9299E3DCC007B82DA /* Alamofire in Frameworks */ = {isa = PBXBuildFile; productRef = 75DBC4F8299E3DCC007B82DA /* Alamofire */; };
/* End PBXBuildFile section */

/* Begin PBXContainerItemProxy section */
		7546E16729B60E2E00C389AE /* PBXContainerItemProxy */ = {
			isa = PBXContainerItemProxy;
			containerPortal = 752824B029955E4B005A5B75 /* Project object */;
			proxyType = 1;
			remoteGlobalIDString = 752824B729955E4B005A5B75;
			remoteInfo = SwiftCleanCode;
		};
/* End PBXContainerItemProxy section */

/* Begin PBXFileReference section */
		752824B829955E4B005A5B75 /* SwiftCleanCode.app */ = {isa = PBXFileReference; explicitFileType = wrapper.application; includeInIndex = 0; path = SwiftCleanCode.app; sourceTree = BUILT_PRODUCTS_DIR; };
		752824BB29955E4B005A5B75 /* SwiftCleanCodeApp.swift */ = {isa = PBXFileReference; lastKnownFileType = sourcecode.swift; path = SwiftCleanCodeApp.swift; sourceTree = "<group>"; };
		752824BD29955E4B005A5B75 /* ContentView.swift */ = {isa = PBXFileReference; lastKnownFileType = sourcecode.swift; path = ContentView.swift; sourceTree = "<group>"; };
		752824BF29955E4C005A5B75 /* Assets.xcassets */ = {isa = PBXFileReference; lastKnownFileType = folder.assetcatalog; path = Assets.xcassets; sourceTree = "<group>"; };
		752824C229955E4C005A5B75 /* Preview Assets.xcassets */ = {isa = PBXFileReference; lastKnownFileType = folder.assetcatalog; path = "Preview Assets.xcassets"; sourceTree = "<group>"; };
		7532514F29B61EF8007DEACD /* AuthTest.swift */ = {isa = PBXFileReference; lastKnownFileType = sourcecode.swift; path = AuthTest.swift; sourceTree = "<group>"; };
		7532515129B62280007DEACD /* ProfileTests.swift */ = {isa = PBXFileReference; lastKnownFileType = sourcecode.swift; path = ProfileTests.swift; sourceTree = "<group>"; };
		7532515329B62920007DEACD /* Catalogue.swift */ = {isa = PBXFileReference; lastKnownFileType = sourcecode.swift; path = Catalogue.swift; sourceTree = "<group>"; };
		7532515529B629F1007DEACD /* CatalogueListResult.swift */ = {isa = PBXFileReference; lastKnownFileType = sourcecode.swift; path = CatalogueListResult.swift; sourceTree = "<group>"; };
		7532515729B62A7B007DEACD /* Product.swift */ = {isa = PBXFileReference; lastKnownFileType = sourcecode.swift; path = Product.swift; sourceTree = "<group>"; };
		7532515929B62BCF007DEACD /* CatalogueRequestFactory.swift */ = {isa = PBXFileReference; lastKnownFileType = sourcecode.swift; path = CatalogueRequestFactory.swift; sourceTree = "<group>"; };
		7532515B29B62E77007DEACD /* CatalogueTests.swift */ = {isa = PBXFileReference; lastKnownFileType = sourcecode.swift; path = CatalogueTests.swift; sourceTree = "<group>"; };
		7546E13B29B0D45600C389AE /* AbstractErrorParser.swift */ = {isa = PBXFileReference; lastKnownFileType = sourcecode.swift; path = AbstractErrorParser.swift; sourceTree = "<group>"; };
		7546E13E29B0D48500C389AE /* ErrorParser.swift */ = {isa = PBXFileReference; lastKnownFileType = sourcecode.swift; path = ErrorParser.swift; sourceTree = "<group>"; };
		7546E14029B0D4B800C389AE /* DataRequest.swift */ = {isa = PBXFileReference; lastKnownFileType = sourcecode.swift; path = DataRequest.swift; sourceTree = "<group>"; };
		7546E14229B0D5B100C389AE /* AbstractRequestFactory.swift */ = {isa = PBXFileReference; lastKnownFileType = sourcecode.swift; path = AbstractRequestFactory.swift; sourceTree = "<group>"; };
		7546E14429B0D5FA00C389AE /* RequestRouter.swift */ = {isa = PBXFileReference; lastKnownFileType = sourcecode.swift; path = RequestRouter.swift; sourceTree = "<group>"; };
		7546E14629B0D68500C389AE /* LoginResult.swift */ = {isa = PBXFileReference; lastKnownFileType = sourcecode.swift; path = LoginResult.swift; sourceTree = "<group>"; };
		7546E14829B0D6A000C389AE /* User.swift */ = {isa = PBXFileReference; lastKnownFileType = sourcecode.swift; path = User.swift; sourceTree = "<group>"; };
		7546E14B29B0D73F00C389AE /* AuthRequestFactory.swift */ = {isa = PBXFileReference; lastKnownFileType = sourcecode.swift; path = AuthRequestFactory.swift; sourceTree = "<group>"; };
		7546E14D29B0D77700C389AE /* Auth.swift */ = {isa = PBXFileReference; lastKnownFileType = sourcecode.swift; path = Auth.swift; sourceTree = "<group>"; };
		7546E15129B0D92F00C389AE /* RequestFactory.swift */ = {isa = PBXFileReference; lastKnownFileType = sourcecode.swift; path = RequestFactory.swift; sourceTree = "<group>"; };
		7546E15329B0DF9D00C389AE /* Profile.swift */ = {isa = PBXFileReference; lastKnownFileType = sourcecode.swift; path = Profile.swift; sourceTree = "<group>"; };
		7546E15529B0E20B00C389AE /* ProfileRequestFactory.swift */ = {isa = PBXFileReference; lastKnownFileType = sourcecode.swift; path = ProfileRequestFactory.swift; sourceTree = "<group>"; };
		7546E15729B0E6B800C389AE /* RegistrationResult.swift */ = {isa = PBXFileReference; lastKnownFileType = sourcecode.swift; path = RegistrationResult.swift; sourceTree = "<group>"; };
		7546E15929B0E77800C389AE /* LogoutResult.swift */ = {isa = PBXFileReference; lastKnownFileType = sourcecode.swift; path = LogoutResult.swift; sourceTree = "<group>"; };
		7546E15B29B0E97F00C389AE /* EditProfileResult.swift */ = {isa = PBXFileReference; lastKnownFileType = sourcecode.swift; path = EditProfileResult.swift; sourceTree = "<group>"; };
		7546E16329B60E2E00C389AE /* SwiftCleanCodeTests.xctest */ = {isa = PBXFileReference; explicitFileType = wrapper.cfbundle; includeInIndex = 0; path = SwiftCleanCodeTests.xctest; sourceTree = BUILT_PRODUCTS_DIR; };
		7546E16529B60E2E00C389AE /* SwiftCleanCodeTests.swift */ = {isa = PBXFileReference; lastKnownFileType = sourcecode.swift; path = SwiftCleanCodeTests.swift; sourceTree = "<group>"; };
		7546E16D29B60F3300C389AE /* ResponseCodableTests.swift */ = {isa = PBXFileReference; lastKnownFileType = sourcecode.swift; path = ResponseCodableTests.swift; sourceTree = "<group>"; };
/* End PBXFileReference section */

/* Begin PBXFrameworksBuildPhase section */
		752824B529955E4B005A5B75 /* Frameworks */ = {
			isa = PBXFrameworksBuildPhase;
			buildActionMask = 2147483647;
			files = (
				75DBC4F9299E3DCC007B82DA /* Alamofire in Frameworks */,
			);
			runOnlyForDeploymentPostprocessing = 0;
		};
		7546E16029B60E2E00C389AE /* Frameworks */ = {
			isa = PBXFrameworksBuildPhase;
			buildActionMask = 2147483647;
			files = (
			);
			runOnlyForDeploymentPostprocessing = 0;
		};
/* End PBXFrameworksBuildPhase section */

/* Begin PBXGroup section */
		752824AF29955E4B005A5B75 = {
			isa = PBXGroup;
			children = (
				752824BA29955E4B005A5B75 /* SwiftCleanCode */,
				7546E16429B60E2E00C389AE /* SwiftCleanCodeTests */,
				752824B929955E4B005A5B75 /* Products */,
			);
			sourceTree = "<group>";
		};
		752824B929955E4B005A5B75 /* Products */ = {
			isa = PBXGroup;
			children = (
				752824B829955E4B005A5B75 /* SwiftCleanCode.app */,
				7546E16329B60E2E00C389AE /* SwiftCleanCodeTests.xctest */,
			);
			name = Products;
			sourceTree = "<group>";
		};
		752824BA29955E4B005A5B75 /* SwiftCleanCode */ = {
			isa = PBXGroup;
			children = (
				752824CE29956181005A5B75 /* Core */,
				752824C92995612A005A5B75 /* App */,
				752824BB29955E4B005A5B75 /* SwiftCleanCodeApp.swift */,
				752824D029956196005A5B75 /* Environments */,
				752824CF2995618E005A5B75 /* Resources */,
				752824C129955E4C005A5B75 /* Preview Content */,
			);
			path = SwiftCleanCode;
			sourceTree = "<group>";
		};
		752824C129955E4C005A5B75 /* Preview Content */ = {
			isa = PBXGroup;
			children = (
				752824C229955E4C005A5B75 /* Preview Assets.xcassets */,
			);
			path = "Preview Content";
			sourceTree = "<group>";
		};
		752824C92995612A005A5B75 /* App */ = {
			isa = PBXGroup;
			children = (
				752824CD29956175005A5B75 /* Flows */,
				752824CC2995616A005A5B75 /* Assembly */,
				752824CB29956160005A5B75 /* Entity */,
				752824CA29956157005A5B75 /* BusinessLogic */,
			);
			path = App;
			sourceTree = "<group>";
		};
		752824CA29956157005A5B75 /* BusinessLogic */ = {
			isa = PBXGroup;
			children = (
				7546E14A29B0D72900C389AE /* Network */,
			);
			path = BusinessLogic;
			sourceTree = "<group>";
		};
		752824CB29956160005A5B75 /* Entity */ = {
			isa = PBXGroup;
			children = (
				7546E15B29B0E97F00C389AE /* EditProfileResult.swift */,
				7546E14629B0D68500C389AE /* LoginResult.swift */,
				7546E15929B0E77800C389AE /* LogoutResult.swift */,
				7546E14829B0D6A000C389AE /* User.swift */,
				7546E15729B0E6B800C389AE /* RegistrationResult.swift */,
				7532515529B629F1007DEACD /* CatalogueListResult.swift */,
				7532515729B62A7B007DEACD /* Product.swift */,
			);
			path = Entity;
			sourceTree = "<group>";
		};
		752824CC2995616A005A5B75 /* Assembly */ = {
			isa = PBXGroup;
			children = (
			);
			path = Assembly;
			sourceTree = "<group>";
		};
		752824CD29956175005A5B75 /* Flows */ = {
			isa = PBXGroup;
			children = (
				752824BD29955E4B005A5B75 /* ContentView.swift */,
			);
			path = Flows;
			sourceTree = "<group>";
		};
		752824CE29956181005A5B75 /* Core */ = {
			isa = PBXGroup;
			children = (
				7546E13A29B0D42300C389AE /* Network */,
			);
			path = Core;
			sourceTree = "<group>";
		};
		752824CF2995618E005A5B75 /* Resources */ = {
			isa = PBXGroup;
			children = (
				752824BF29955E4C005A5B75 /* Assets.xcassets */,
			);
			path = Resources;
			sourceTree = "<group>";
		};
		752824D029956196005A5B75 /* Environments */ = {
			isa = PBXGroup;
			children = (
			);
			path = Environments;
			sourceTree = "<group>";
		};
		7546E13A29B0D42300C389AE /* Network */ = {
			isa = PBXGroup;
			children = (
				7546E13B29B0D45600C389AE /* AbstractErrorParser.swift */,
				7546E13E29B0D48500C389AE /* ErrorParser.swift */,
				7546E14029B0D4B800C389AE /* DataRequest.swift */,
				7546E14229B0D5B100C389AE /* AbstractRequestFactory.swift */,
				7546E14429B0D5FA00C389AE /* RequestRouter.swift */,
			);
			path = Network;
			sourceTree = "<group>";
		};
		7546E14A29B0D72900C389AE /* Network */ = {
			isa = PBXGroup;
			children = (
				7546E14B29B0D73F00C389AE /* AuthRequestFactory.swift */,
				7546E15529B0E20B00C389AE /* ProfileRequestFactory.swift */,
				7532515929B62BCF007DEACD /* CatalogueRequestFactory.swift */,
				7546E15129B0D92F00C389AE /* RequestFactory.swift */,
				7546E14D29B0D77700C389AE /* Auth.swift */,
				7546E15329B0DF9D00C389AE /* Profile.swift */,
				7532515329B62920007DEACD /* Catalogue.swift */,
			);
			path = Network;
			sourceTree = "<group>";
		};
		7546E16429B60E2E00C389AE /* SwiftCleanCodeTests */ = {
			isa = PBXGroup;
			children = (
				7546E16529B60E2E00C389AE /* SwiftCleanCodeTests.swift */,
				7546E16D29B60F3300C389AE /* ResponseCodableTests.swift */,
				7532514F29B61EF8007DEACD /* AuthTest.swift */,
				7532515129B62280007DEACD /* ProfileTests.swift */,
				7532515B29B62E77007DEACD /* CatalogueTests.swift */,
			);
			path = SwiftCleanCodeTests;
			sourceTree = "<group>";
		};
/* End PBXGroup section */

/* Begin PBXNativeTarget section */
		752824B729955E4B005A5B75 /* SwiftCleanCode */ = {
			isa = PBXNativeTarget;
			buildConfigurationList = 752824C629955E4C005A5B75 /* Build configuration list for PBXNativeTarget "SwiftCleanCode" */;
			buildPhases = (
				752824B429955E4B005A5B75 /* Sources */,
				752824B529955E4B005A5B75 /* Frameworks */,
				752824B629955E4B005A5B75 /* Resources */,
				7546E14F29B0D7AE00C389AE /* ShellScript */,
			);
			buildRules = (
			);
			dependencies = (
			);
			name = SwiftCleanCode;
			packageProductDependencies = (
				75DBC4F8299E3DCC007B82DA /* Alamofire */,
			);
			productName = SwiftCleanCode;
			productReference = 752824B829955E4B005A5B75 /* SwiftCleanCode.app */;
			productType = "com.apple.product-type.application";
		};
		7546E16229B60E2E00C389AE /* SwiftCleanCodeTests */ = {
			isa = PBXNativeTarget;
			buildConfigurationList = 7546E16B29B60E2E00C389AE /* Build configuration list for PBXNativeTarget "SwiftCleanCodeTests" */;
			buildPhases = (
				7546E15F29B60E2E00C389AE /* Sources */,
				7546E16029B60E2E00C389AE /* Frameworks */,
				7546E16129B60E2E00C389AE /* Resources */,
			);
			buildRules = (
			);
			dependencies = (
				7546E16829B60E2E00C389AE /* PBXTargetDependency */,
			);
			name = SwiftCleanCodeTests;
			productName = SwiftCleanCodeTests;
			productReference = 7546E16329B60E2E00C389AE /* SwiftCleanCodeTests.xctest */;
			productType = "com.apple.product-type.bundle.unit-test";
		};
/* End PBXNativeTarget section */

/* Begin PBXProject section */
		752824B029955E4B005A5B75 /* Project object */ = {
			isa = PBXProject;
			attributes = {
				BuildIndependentTargetsInParallel = 1;
				LastSwiftUpdateCheck = 1420;
				LastUpgradeCheck = 1420;
				TargetAttributes = {
					752824B729955E4B005A5B75 = {
						CreatedOnToolsVersion = 14.2;
					};
					7546E16229B60E2E00C389AE = {
						CreatedOnToolsVersion = 14.2;
						TestTargetID = 752824B729955E4B005A5B75;
					};
				};
			};
			buildConfigurationList = 752824B329955E4B005A5B75 /* Build configuration list for PBXProject "SwiftCleanCode" */;
			compatibilityVersion = "Xcode 14.0";
			developmentRegion = en;
			hasScannedForEncodings = 0;
			knownRegions = (
				en,
				Base,
			);
			mainGroup = 752824AF29955E4B005A5B75;
			packageReferences = (
				75DBC4F7299E3DCC007B82DA /* XCRemoteSwiftPackageReference "Alamofire" */,
			);
			productRefGroup = 752824B929955E4B005A5B75 /* Products */;
			projectDirPath = "";
			projectRoot = "";
			targets = (
				752824B729955E4B005A5B75 /* SwiftCleanCode */,
				7546E16229B60E2E00C389AE /* SwiftCleanCodeTests */,
			);
		};
/* End PBXProject section */

/* Begin PBXResourcesBuildPhase section */
		752824B629955E4B005A5B75 /* Resources */ = {
			isa = PBXResourcesBuildPhase;
			buildActionMask = 2147483647;
			files = (
				752824C329955E4C005A5B75 /* Preview Assets.xcassets in Resources */,
				752824C029955E4C005A5B75 /* Assets.xcassets in Resources */,
			);
			runOnlyForDeploymentPostprocessing = 0;
		};
		7546E16129B60E2E00C389AE /* Resources */ = {
			isa = PBXResourcesBuildPhase;
			buildActionMask = 2147483647;
			files = (
			);
			runOnlyForDeploymentPostprocessing = 0;
		};
/* End PBXResourcesBuildPhase section */

/* Begin PBXShellScriptBuildPhase section */
		7546E14F29B0D7AE00C389AE /* ShellScript */ = {
			isa = PBXShellScriptBuildPhase;
			buildActionMask = 2147483647;
			files = (
			);
			inputFileListPaths = (
			);
			inputPaths = (
			);
			outputFileListPaths = (
			);
			outputPaths = (
			);
			runOnlyForDeploymentPostprocessing = 0;
			shellPath = /bin/sh;
			shellScript = "# Type a script or drag a script file from your workspace to insert its path.\n# exit 0\nPATH=/opt/homebrew/bin:$PATH\nif [ -f ~/com.raywenderlich.swiftlint.yml ]; then\n  if which swiftlint >/dev/null; then\n    swiftlint --no-cache --config ~/com.raywenderlich.swiftlint.yml\n  fi\nfi\n";
		};
/* End PBXShellScriptBuildPhase section */

/* Begin PBXSourcesBuildPhase section */
		752824B429955E4B005A5B75 /* Sources */ = {
			isa = PBXSourcesBuildPhase;
			buildActionMask = 2147483647;
			files = (
				7546E15229B0D92F00C389AE /* RequestFactory.swift in Sources */,
				7546E14329B0D5B100C389AE /* AbstractRequestFactory.swift in Sources */,
				7546E13C29B0D45600C389AE /* AbstractErrorParser.swift in Sources */,
				7546E14C29B0D73F00C389AE /* AuthRequestFactory.swift in Sources */,
				7546E14529B0D5FA00C389AE /* RequestRouter.swift in Sources */,
				7532515429B62920007DEACD /* Catalogue.swift in Sources */,
				7546E14129B0D4B800C389AE /* DataRequest.swift in Sources */,
				7546E15A29B0E77800C389AE /* LogoutResult.swift in Sources */,
				7546E15C29B0E97F00C389AE /* EditProfileResult.swift in Sources */,
				7546E15829B0E6B800C389AE /* RegistrationResult.swift in Sources */,
				7546E15429B0DF9D00C389AE /* Profile.swift in Sources */,
				7546E14729B0D68500C389AE /* LoginResult.swift in Sources */,
				7546E14E29B0D77700C389AE /* Auth.swift in Sources */,
				7532515629B629F1007DEACD /* CatalogueListResult.swift in Sources */,
				7546E14929B0D6A000C389AE /* User.swift in Sources */,
				752824BE29955E4B005A5B75 /* ContentView.swift in Sources */,
				752824BC29955E4B005A5B75 /* SwiftCleanCodeApp.swift in Sources */,
				7532515829B62A7B007DEACD /* Product.swift in Sources */,
				7532515A29B62BCF007DEACD /* CatalogueRequestFactory.swift in Sources */,
				7546E15629B0E20B00C389AE /* ProfileRequestFactory.swift in Sources */,
				7546E13F29B0D48500C389AE /* ErrorParser.swift in Sources */,
			);
			runOnlyForDeploymentPostprocessing = 0;
		};
		7546E15F29B60E2E00C389AE /* Sources */ = {
			isa = PBXSourcesBuildPhase;
			buildActionMask = 2147483647;
			files = (
				7546E16629B60E2E00C389AE /* SwiftCleanCodeTests.swift in Sources */,
				7532515229B62280007DEACD /* ProfileTests.swift in Sources */,
				7532515C29B62E77007DEACD /* CatalogueTests.swift in Sources */,
				7546E16E29B60F3300C389AE /* ResponseCodableTests.swift in Sources */,
				7532515029B61EF8007DEACD /* AuthTest.swift in Sources */,
			);
			runOnlyForDeploymentPostprocessing = 0;
		};
/* End PBXSourcesBuildPhase section */

/* Begin PBXTargetDependency section */
		7546E16829B60E2E00C389AE /* PBXTargetDependency */ = {
			isa = PBXTargetDependency;
			target = 752824B729955E4B005A5B75 /* SwiftCleanCode */;
			targetProxy = 7546E16729B60E2E00C389AE /* PBXContainerItemProxy */;
		};
/* End PBXTargetDependency section */

/* Begin XCBuildConfiguration section */
		752824C429955E4C005A5B75 /* Debug */ = {
			isa = XCBuildConfiguration;
			buildSettings = {
				ALWAYS_SEARCH_USER_PATHS = NO;
				CLANG_ANALYZER_NONNULL = YES;
				CLANG_ANALYZER_NUMBER_OBJECT_CONVERSION = YES_AGGRESSIVE;
				CLANG_CXX_LANGUAGE_STANDARD = "gnu++20";
				CLANG_ENABLE_MODULES = YES;
				CLANG_ENABLE_OBJC_ARC = YES;
				CLANG_ENABLE_OBJC_WEAK = YES;
				CLANG_WARN_BLOCK_CAPTURE_AUTORELEASING = YES;
				CLANG_WARN_BOOL_CONVERSION = YES;
				CLANG_WARN_COMMA = YES;
				CLANG_WARN_CONSTANT_CONVERSION = YES;
				CLANG_WARN_DEPRECATED_OBJC_IMPLEMENTATIONS = YES;
				CLANG_WARN_DIRECT_OBJC_ISA_USAGE = YES_ERROR;
				CLANG_WARN_DOCUMENTATION_COMMENTS = YES;
				CLANG_WARN_EMPTY_BODY = YES;
				CLANG_WARN_ENUM_CONVERSION = YES;
				CLANG_WARN_INFINITE_RECURSION = YES;
				CLANG_WARN_INT_CONVERSION = YES;
				CLANG_WARN_NON_LITERAL_NULL_CONVERSION = YES;
				CLANG_WARN_OBJC_IMPLICIT_RETAIN_SELF = YES;
				CLANG_WARN_OBJC_LITERAL_CONVERSION = YES;
				CLANG_WARN_OBJC_ROOT_CLASS = YES_ERROR;
				CLANG_WARN_QUOTED_INCLUDE_IN_FRAMEWORK_HEADER = YES;
				CLANG_WARN_RANGE_LOOP_ANALYSIS = YES;
				CLANG_WARN_STRICT_PROTOTYPES = YES;
				CLANG_WARN_SUSPICIOUS_MOVE = YES;
				CLANG_WARN_UNGUARDED_AVAILABILITY = YES_AGGRESSIVE;
				CLANG_WARN_UNREACHABLE_CODE = YES;
				CLANG_WARN__DUPLICATE_METHOD_MATCH = YES;
				COPY_PHASE_STRIP = NO;
				DEBUG_INFORMATION_FORMAT = dwarf;
				ENABLE_STRICT_OBJC_MSGSEND = YES;
				ENABLE_TESTABILITY = YES;
				GCC_C_LANGUAGE_STANDARD = gnu11;
				GCC_DYNAMIC_NO_PIC = NO;
				GCC_NO_COMMON_BLOCKS = YES;
				GCC_OPTIMIZATION_LEVEL = 0;
				GCC_PREPROCESSOR_DEFINITIONS = (
					"DEBUG=1",
					"$(inherited)",
				);
				GCC_WARN_64_TO_32_BIT_CONVERSION = YES;
				GCC_WARN_ABOUT_RETURN_TYPE = YES_ERROR;
				GCC_WARN_UNDECLARED_SELECTOR = YES;
				GCC_WARN_UNINITIALIZED_AUTOS = YES_AGGRESSIVE;
				GCC_WARN_UNUSED_FUNCTION = YES;
				GCC_WARN_UNUSED_VARIABLE = YES;
				IPHONEOS_DEPLOYMENT_TARGET = 16.2;
				MTL_ENABLE_DEBUG_INFO = INCLUDE_SOURCE;
				MTL_FAST_MATH = YES;
				ONLY_ACTIVE_ARCH = YES;
				SDKROOT = iphoneos;
				SWIFT_ACTIVE_COMPILATION_CONDITIONS = DEBUG;
				SWIFT_OPTIMIZATION_LEVEL = "-Onone";
			};
			name = Debug;
		};
		752824C529955E4C005A5B75 /* Release */ = {
			isa = XCBuildConfiguration;
			buildSettings = {
				ALWAYS_SEARCH_USER_PATHS = NO;
				CLANG_ANALYZER_NONNULL = YES;
				CLANG_ANALYZER_NUMBER_OBJECT_CONVERSION = YES_AGGRESSIVE;
				CLANG_CXX_LANGUAGE_STANDARD = "gnu++20";
				CLANG_ENABLE_MODULES = YES;
				CLANG_ENABLE_OBJC_ARC = YES;
				CLANG_ENABLE_OBJC_WEAK = YES;
				CLANG_WARN_BLOCK_CAPTURE_AUTORELEASING = YES;
				CLANG_WARN_BOOL_CONVERSION = YES;
				CLANG_WARN_COMMA = YES;
				CLANG_WARN_CONSTANT_CONVERSION = YES;
				CLANG_WARN_DEPRECATED_OBJC_IMPLEMENTATIONS = YES;
				CLANG_WARN_DIRECT_OBJC_ISA_USAGE = YES_ERROR;
				CLANG_WARN_DOCUMENTATION_COMMENTS = YES;
				CLANG_WARN_EMPTY_BODY = YES;
				CLANG_WARN_ENUM_CONVERSION = YES;
				CLANG_WARN_INFINITE_RECURSION = YES;
				CLANG_WARN_INT_CONVERSION = YES;
				CLANG_WARN_NON_LITERAL_NULL_CONVERSION = YES;
				CLANG_WARN_OBJC_IMPLICIT_RETAIN_SELF = YES;
				CLANG_WARN_OBJC_LITERAL_CONVERSION = YES;
				CLANG_WARN_OBJC_ROOT_CLASS = YES_ERROR;
				CLANG_WARN_QUOTED_INCLUDE_IN_FRAMEWORK_HEADER = YES;
				CLANG_WARN_RANGE_LOOP_ANALYSIS = YES;
				CLANG_WARN_STRICT_PROTOTYPES = YES;
				CLANG_WARN_SUSPICIOUS_MOVE = YES;
				CLANG_WARN_UNGUARDED_AVAILABILITY = YES_AGGRESSIVE;
				CLANG_WARN_UNREACHABLE_CODE = YES;
				CLANG_WARN__DUPLICATE_METHOD_MATCH = YES;
				COPY_PHASE_STRIP = NO;
				DEBUG_INFORMATION_FORMAT = "dwarf-with-dsym";
				ENABLE_NS_ASSERTIONS = NO;
				ENABLE_STRICT_OBJC_MSGSEND = YES;
				GCC_C_LANGUAGE_STANDARD = gnu11;
				GCC_NO_COMMON_BLOCKS = YES;
				GCC_WARN_64_TO_32_BIT_CONVERSION = YES;
				GCC_WARN_ABOUT_RETURN_TYPE = YES_ERROR;
				GCC_WARN_UNDECLARED_SELECTOR = YES;
				GCC_WARN_UNINITIALIZED_AUTOS = YES_AGGRESSIVE;
				GCC_WARN_UNUSED_FUNCTION = YES;
				GCC_WARN_UNUSED_VARIABLE = YES;
				IPHONEOS_DEPLOYMENT_TARGET = 16.2;
				MTL_ENABLE_DEBUG_INFO = NO;
				MTL_FAST_MATH = YES;
				SDKROOT = iphoneos;
				SWIFT_COMPILATION_MODE = wholemodule;
				SWIFT_OPTIMIZATION_LEVEL = "-O";
				VALIDATE_PRODUCT = YES;
			};
			name = Release;
		};
		752824C729955E4C005A5B75 /* Debug */ = {
			isa = XCBuildConfiguration;
			buildSettings = {
				ASSETCATALOG_COMPILER_APPICON_NAME = AppIcon;
				ASSETCATALOG_COMPILER_GLOBAL_ACCENT_COLOR_NAME = AccentColor;
				CODE_SIGN_STYLE = Automatic;
				CURRENT_PROJECT_VERSION = 1;
				DEVELOPMENT_ASSET_PATHS = "\"SwiftCleanCode/Preview Content\"";
				DEVELOPMENT_TEAM = 47X734N754;
				ENABLE_PREVIEWS = YES;
				GENERATE_INFOPLIST_FILE = YES;
				INFOPLIST_KEY_UIApplicationSceneManifest_Generation = YES;
				INFOPLIST_KEY_UIApplicationSupportsIndirectInputEvents = YES;
				INFOPLIST_KEY_UILaunchScreen_Generation = YES;
				INFOPLIST_KEY_UISupportedInterfaceOrientations_iPad = "UIInterfaceOrientationPortrait UIInterfaceOrientationPortraitUpsideDown UIInterfaceOrientationLandscapeLeft UIInterfaceOrientationLandscapeRight";
				INFOPLIST_KEY_UISupportedInterfaceOrientations_iPhone = "UIInterfaceOrientationPortrait UIInterfaceOrientationLandscapeLeft UIInterfaceOrientationLandscapeRight";
				LD_RUNPATH_SEARCH_PATHS = (
					"$(inherited)",
					"@executable_path/Frameworks",
				);
				MARKETING_VERSION = 1.0;
				PRODUCT_BUNDLE_IDENTIFIER = hedgehog.SwiftCleanCode;
				PRODUCT_NAME = "$(TARGET_NAME)";
				SWIFT_EMIT_LOC_STRINGS = YES;
				SWIFT_VERSION = 5.0;
				TARGETED_DEVICE_FAMILY = "1,2";
			};
			name = Debug;
		};
		752824C829955E4C005A5B75 /* Release */ = {
			isa = XCBuildConfiguration;
			buildSettings = {
				ASSETCATALOG_COMPILER_APPICON_NAME = AppIcon;
				ASSETCATALOG_COMPILER_GLOBAL_ACCENT_COLOR_NAME = AccentColor;
				CODE_SIGN_STYLE = Automatic;
				CURRENT_PROJECT_VERSION = 1;
				DEVELOPMENT_ASSET_PATHS = "\"SwiftCleanCode/Preview Content\"";
				DEVELOPMENT_TEAM = 47X734N754;
				ENABLE_PREVIEWS = YES;
				GENERATE_INFOPLIST_FILE = YES;
				INFOPLIST_KEY_UIApplicationSceneManifest_Generation = YES;
				INFOPLIST_KEY_UIApplicationSupportsIndirectInputEvents = YES;
				INFOPLIST_KEY_UILaunchScreen_Generation = YES;
				INFOPLIST_KEY_UISupportedInterfaceOrientations_iPad = "UIInterfaceOrientationPortrait UIInterfaceOrientationPortraitUpsideDown UIInterfaceOrientationLandscapeLeft UIInterfaceOrientationLandscapeRight";
				INFOPLIST_KEY_UISupportedInterfaceOrientations_iPhone = "UIInterfaceOrientationPortrait UIInterfaceOrientationLandscapeLeft UIInterfaceOrientationLandscapeRight";
				LD_RUNPATH_SEARCH_PATHS = (
					"$(inherited)",
					"@executable_path/Frameworks",
				);
				MARKETING_VERSION = 1.0;
				PRODUCT_BUNDLE_IDENTIFIER = hedgehog.SwiftCleanCode;
				PRODUCT_NAME = "$(TARGET_NAME)";
				SWIFT_EMIT_LOC_STRINGS = YES;
				SWIFT_VERSION = 5.0;
				TARGETED_DEVICE_FAMILY = "1,2";
			};
			name = Release;
		};
		7546E16929B60E2E00C389AE /* Debug */ = {
			isa = XCBuildConfiguration;
			buildSettings = {
				BUNDLE_LOADER = "$(TEST_HOST)";
				CODE_SIGN_STYLE = Automatic;
				CURRENT_PROJECT_VERSION = 1;
				DEVELOPMENT_TEAM = 47X734N754;
				GENERATE_INFOPLIST_FILE = YES;
				MARKETING_VERSION = 1.0;
				PRODUCT_BUNDLE_IDENTIFIER = hedgehog.SwiftCleanCodeTests;
				PRODUCT_NAME = "$(TARGET_NAME)";
				SWIFT_EMIT_LOC_STRINGS = NO;
				SWIFT_VERSION = 5.0;
				TARGETED_DEVICE_FAMILY = "1,2";
				TEST_HOST = "$(BUILT_PRODUCTS_DIR)/SwiftCleanCode.app/$(BUNDLE_EXECUTABLE_FOLDER_PATH)/SwiftCleanCode";
			};
			name = Debug;
		};
		7546E16A29B60E2E00C389AE /* Release */ = {
			isa = XCBuildConfiguration;
			buildSettings = {
				BUNDLE_LOADER = "$(TEST_HOST)";
				CODE_SIGN_STYLE = Automatic;
				CURRENT_PROJECT_VERSION = 1;
				DEVELOPMENT_TEAM = 47X734N754;
				GENERATE_INFOPLIST_FILE = YES;
				MARKETING_VERSION = 1.0;
				PRODUCT_BUNDLE_IDENTIFIER = hedgehog.SwiftCleanCodeTests;
				PRODUCT_NAME = "$(TARGET_NAME)";
				SWIFT_EMIT_LOC_STRINGS = NO;
				SWIFT_VERSION = 5.0;
				TARGETED_DEVICE_FAMILY = "1,2";
				TEST_HOST = "$(BUILT_PRODUCTS_DIR)/SwiftCleanCode.app/$(BUNDLE_EXECUTABLE_FOLDER_PATH)/SwiftCleanCode";
			};
			name = Release;
		};
/* End XCBuildConfiguration section */

/* Begin XCConfigurationList section */
		752824B329955E4B005A5B75 /* Build configuration list for PBXProject "SwiftCleanCode" */ = {
			isa = XCConfigurationList;
			buildConfigurations = (
				752824C429955E4C005A5B75 /* Debug */,
				752824C529955E4C005A5B75 /* Release */,
			);
			defaultConfigurationIsVisible = 0;
			defaultConfigurationName = Release;
		};
		752824C629955E4C005A5B75 /* Build configuration list for PBXNativeTarget "SwiftCleanCode" */ = {
			isa = XCConfigurationList;
			buildConfigurations = (
				752824C729955E4C005A5B75 /* Debug */,
				752824C829955E4C005A5B75 /* Release */,
			);
			defaultConfigurationIsVisible = 0;
			defaultConfigurationName = Release;
		};
		7546E16B29B60E2E00C389AE /* Build configuration list for PBXNativeTarget "SwiftCleanCodeTests" */ = {
			isa = XCConfigurationList;
			buildConfigurations = (
				7546E16929B60E2E00C389AE /* Debug */,
				7546E16A29B60E2E00C389AE /* Release */,
			);
			defaultConfigurationIsVisible = 0;
			defaultConfigurationName = Release;
		};
/* End XCConfigurationList section */

/* Begin XCRemoteSwiftPackageReference section */
		75DBC4F7299E3DCC007B82DA /* XCRemoteSwiftPackageReference "Alamofire" */ = {
			isa = XCRemoteSwiftPackageReference;
			repositoryURL = "https://github.com/Alamofire/Alamofire.git";
			requirement = {
				branch = master;
				kind = branch;
			};
		};
/* End XCRemoteSwiftPackageReference section */

/* Begin XCSwiftPackageProductDependency section */
		75DBC4F8299E3DCC007B82DA /* Alamofire */ = {
			isa = XCSwiftPackageProductDependency;
			package = 75DBC4F7299E3DCC007B82DA /* XCRemoteSwiftPackageReference "Alamofire" */;
			productName = Alamofire;
		};
/* End XCSwiftPackageProductDependency section */
	};
	rootObject = 752824B029955E4B005A5B75 /* Project object */;
}
